
Microsoft Visual Studio Solution File, Format Version 12.00
# Visual Studio Version 17
VisualStudioVersion = 17.1.32228.430
MinimumVisualStudioVersion = 10.0.40219.1
Project("{9A19103F-16F7-4668-BE54-9A1E7A4F7556}") = "ServiceProvisionService", "ServiceProvisionService\ServiceProvisionService.csproj", "{EF445473-C1A4-466B-AE57-B298D95049BA}"
EndProject
Project("{9A19103F-16F7-4668-BE54-9A1E7A4F7556}") = "DataSynchronisationService", "DataSynchronisationService\DataSynchronisationService.csproj", "{68D23F2A-B3A6-4268-8FB8-3E60F8932B52}"
EndProject
Project("{FAE04EC0-301F-11D3-BF4B-00C04F79EFBC}") = "Shared", "Shared\Shared.csproj", "{002EA924-73FC-4633-9062-7C5E6A4CFB57}"
EndProject
Global
	GlobalSection(SolutionConfigurationPlatforms) = preSolution
		Debug|Any CPU = Debug|Any CPU
		Release|Any CPU = Release|Any CPU
	EndGlobalSection
	GlobalSection(ProjectConfigurationPlatforms) = postSolution
		{EF445473-C1A4-466B-AE57-B298D95049BA}.Debug|Any CPU.ActiveCfg = Debug|Any CPU
		{EF445473-C1A4-466B-AE57-B298D95049BA}.Debug|Any CPU.Build.0 = Debug|Any CPU
		{EF445473-C1A4-466B-AE57-B298D95049BA}.Release|Any CPU.ActiveCfg = Release|Any CPU
		{EF445473-C1A4-466B-AE57-B298D95049BA}.Release|Any CPU.Build.0 = Release|Any CPU
		{68D23F2A-B3A6-4268-8FB8-3E60F8932B52}.Debug|Any CPU.ActiveCfg = Debug|Any CPU
		{68D23F2A-B3A6-4268-8FB8-3E60F8932B52}.Debug|Any CPU.Build.0 = Debug|Any CPU
		{68D23F2A-B3A6-4268-8FB8-3E60F8932B52}.Release|Any CPU.ActiveCfg = Release|Any CPU
		{68D23F2A-B3A6-4268-8FB8-3E60F8932B52}.Release|Any CPU.Build.0 = Release|Any CPU
		{002EA924-73FC-4633-9062-7C5E6A4CFB57}.Debug|Any CPU.ActiveCfg = Debug|Any CPU
		{002EA924-73FC-4633-9062-7C5E6A4CFB57}.Debug|Any CPU.Build.0 = Debug|Any CPU
		{002EA924-73FC-4633-9062-7C5E6A4CFB57}.Release|Any CPU.ActiveCfg = Release|Any CPU
		{002EA924-73FC-4633-9062-7C5E6A4CFB57}.Release|Any CPU.Build.0 = Release|Any CPU
	EndGlobalSection
	GlobalSection(SolutionProperties) = preSolution
		HideSolutionNode = FALSE
	EndGlobalSection
	GlobalSection(ExtensibilityGlobals) = postSolution
		SolutionGuid = {B4DC0DEA-4ED0-4127-8EEF-45CB80870A7C}
	EndGlobalSection
EndGlobal
